{
  "nodes": {
    "flakeNimbleLib": {
      "inputs": {
        "nixpkgs": [
          "nixpkgs"
        ]
      },
      "locked": {
        "lastModified": 1662018438,
        "narHash": "sha256-QtNtU6+LX3Wokxf0zlFwKTFOcn6TeDjKQZ+DA9OYtvM=",
        "owner": "riinr",
        "repo": "nim-flakes-lib",
        "rev": "b1fe8340736e3a85d25c709ac3dfd82a55c03cbf",
        "type": "github"
      },
      "original": {
        "owner": "riinr",
        "ref": "master",
        "repo": "nim-flakes-lib",
        "type": "github"
      }
    },
    "libsha-master": {
      "inputs": {
        "flakeNimbleLib": [
          "flakeNimbleLib"
        ],
        "nixpkgs": [
          "nixpkgs"
        ],
        "src-libsha-master": "src-libsha-master"
      },
      "locked": {
        "dir": "master",
        "lastModified": 1662254577,
        "narHash": "sha256-st0KXUob77rrZiLlGKBojsDb5+TS0WYzrC3SPd4osnE=",
        "owner": "nim-nix-pkgs",
        "repo": "libsha",
        "rev": "a4d1371b35600e51949965694b473ea83c78b60e",
        "type": "github"
      },
      "original": {
        "dir": "master",
        "owner": "nim-nix-pkgs",
        "ref": "master",
        "repo": "libsha",
        "type": "github"
      }
    },
    "nixpkgs": {
      "locked": {
        "lastModified": 1667110639,
        "narHash": "sha256-4FbPESZ5LbqQxkJJJBAfk/zKgF9h/4kyUwjjpJwYlbc=",
        "owner": "NixOS",
        "repo": "nixpkgs",
        "rev": "f38a1f04d1bec1feb61fd101a0539ae2002a7087",
        "type": "github"
      },
      "original": {
        "id": "nixpkgs",
        "type": "indirect"
      }
    },
    "root": {
      "inputs": {
        "flakeNimbleLib": "flakeNimbleLib",
        "libsha-master": "libsha-master",
        "nixpkgs": "nixpkgs"
      }
    },
    "src-libsha-master": {
      "flake": false,
      "locked": {
        "lastModified": 1534428256,
        "narHash": "sha256-C5Rtw8dXebRssHpe7MYAPDYSM3uBtPdRQ+kCqWctVDc=",
        "owner": "forlan-ua",
        "repo": "nim-libsha",
        "rev": "fcdc448a63cc70814df5e92de050d8225715fe0a",
        "type": "github"
      },
      "original": {
        "owner": "forlan-ua",
        "ref": "refs/heads/master",
        "repo": "nim-libsha",
        "type": "github"
      }
    }
  },
  "root": "root",
  "version": 7
}
